
Microsoft Visual Studio Solution File, Format Version 12.00
# Visual Studio Version 16
VisualStudioVersion = 16.0.30717.126
MinimumVisualStudioVersion = 10.0.40219.1
Project("{FAE04EC0-301F-11D3-BF4B-00C04F79EFBC}") = "BusProject.Data", "BusProject.Data\BusProject.Data.csproj", "{56B3F7E5-EDC0-42DB-B8EF-76282C2D8CCF}"
EndProject
Project("{FAE04EC0-301F-11D3-BF4B-00C04F79EFBC}") = "BusProject.UnitTest", "BusProject.UnitTest\BusProject.UnitTest.csproj", "{01440328-7FC0-4B3B-8F92-3E31B52DB888}"
EndProject
Project("{FAE04EC0-301F-11D3-BF4B-00C04F79EFBC}") = "BusProject", "BusProject\BusProject.csproj", "{83C974AB-7112-4ADC-8BE4-B854EBEF8D31}"
EndProject
Global
	GlobalSection(SolutionConfigurationPlatforms) = preSolution
		Debug|Any CPU = Debug|Any CPU
		Release|Any CPU = Release|Any CPU
	EndGlobalSection
	GlobalSection(ProjectConfigurationPlatforms) = postSolution
		{56B3F7E5-EDC0-42DB-B8EF-76282C2D8CCF}.Debug|Any CPU.ActiveCfg = Debug|Any CPU
		{56B3F7E5-EDC0-42DB-B8EF-76282C2D8CCF}.Debug|Any CPU.Build.0 = Debug|Any CPU
		{56B3F7E5-EDC0-42DB-B8EF-76282C2D8CCF}.Release|Any CPU.ActiveCfg = Release|Any CPU
		{56B3F7E5-EDC0-42DB-B8EF-76282C2D8CCF}.Release|Any CPU.Build.0 = Release|Any CPU
		{01440328-7FC0-4B3B-8F92-3E31B52DB888}.Debug|Any CPU.ActiveCfg = Debug|Any CPU
		{01440328-7FC0-4B3B-8F92-3E31B52DB888}.Debug|Any CPU.Build.0 = Debug|Any CPU
		{01440328-7FC0-4B3B-8F92-3E31B52DB888}.Release|Any CPU.ActiveCfg = Release|Any CPU
		{01440328-7FC0-4B3B-8F92-3E31B52DB888}.Release|Any CPU.Build.0 = Release|Any CPU
		{83C974AB-7112-4ADC-8BE4-B854EBEF8D31}.Debug|Any CPU.ActiveCfg = Debug|Any CPU
		{83C974AB-7112-4ADC-8BE4-B854EBEF8D31}.Debug|Any CPU.Build.0 = Debug|Any CPU
		{83C974AB-7112-4ADC-8BE4-B854EBEF8D31}.Release|Any CPU.ActiveCfg = Release|Any CPU
		{83C974AB-7112-4ADC-8BE4-B854EBEF8D31}.Release|Any CPU.Build.0 = Release|Any CPU
	EndGlobalSection
	GlobalSection(SolutionProperties) = preSolution
		HideSolutionNode = FALSE
	EndGlobalSection
	GlobalSection(ExtensibilityGlobals) = postSolution
		SolutionGuid = {41692340-D389-4806-A544-85DD19EDA117}
	EndGlobalSection
EndGlobal
