
Microsoft Visual Studio Solution File, Format Version 12.00
# Visual Studio Version 16
VisualStudioVersion = 16.0.30717.126
MinimumVisualStudioVersion = 10.0.40219.1
Project("{FAE04EC0-301F-11D3-BF4B-00C04F79EFBC}") = "Test1", "Test1\Test1.csproj", "{96B3DE1B-D357-4679-B9E2-3F23EA6BB604}"
EndProject
Global
	GlobalSection(SolutionConfigurationPlatforms) = preSolution
		Debug|Any CPU = Debug|Any CPU
		Release|Any CPU = Release|Any CPU
	EndGlobalSection
	GlobalSection(ProjectConfigurationPlatforms) = postSolution
		{96B3DE1B-D357-4679-B9E2-3F23EA6BB604}.Debug|Any CPU.ActiveCfg = Debug|Any CPU
		{96B3DE1B-D357-4679-B9E2-3F23EA6BB604}.Debug|Any CPU.Build.0 = Debug|Any CPU
		{96B3DE1B-D357-4679-B9E2-3F23EA6BB604}.Release|Any CPU.ActiveCfg = Release|Any CPU
		{96B3DE1B-D357-4679-B9E2-3F23EA6BB604}.Release|Any CPU.Build.0 = Release|Any CPU
	EndGlobalSection
	GlobalSection(SolutionProperties) = preSolution
		HideSolutionNode = FALSE
	EndGlobalSection
	GlobalSection(ExtensibilityGlobals) = postSolution
		SolutionGuid = {C5F24F4D-AD6B-4845-A183-1063FCD9FF18}
	EndGlobalSection
EndGlobal
